// !$*UTF8*$!
{
	archiveVersion = 1;
	classes = {
	};
	objectVersion = 50;
	objects = {

/* Begin PBXBuildFile section */
		F329315B2092259800D90C67 /* CurrencyTxtField.swift in Sources */ = {isa = PBXBuildFile; fileRef = F329315A2092259800D90C67 /* CurrencyTxtField.swift */; };
		F329316320922CBF00D90C67 /* window_shopperTests.swift in Sources */ = {isa = PBXBuildFile; fileRef = F329316220922CBF00D90C67 /* window_shopperTests.swift */; };
		F329316C20922CF200D90C67 /* Wage.swift in Sources */ = {isa = PBXBuildFile; fileRef = F329316B20922CF200D90C67 /* Wage.swift */; };
		F329316D20922E2D00D90C67 /* Wage.swift in Sources */ = {isa = PBXBuildFile; fileRef = F329316B20922CF200D90C67 /* Wage.swift */; };
		F3EC056A209223A800BF4997 /* AppDelegate.swift in Sources */ = {isa = PBXBuildFile; fileRef = F3EC0569209223A800BF4997 /* AppDelegate.swift */; };
		F3EC056C209223A800BF4997 /* MainVC.swift in Sources */ = {isa = PBXBuildFile; fileRef = F3EC056B209223A800BF4997 /* MainVC.swift */; };
		F3EC056F209223A800BF4997 /* Main.storyboard in Resources */ = {isa = PBXBuildFile; fileRef = F3EC056D209223A800BF4997 /* Main.storyboard */; };
		F3EC0572209223A800BF4997 /* window_shopper.xcdatamodeld in Sources */ = {isa = PBXBuildFile; fileRef = F3EC0570209223A800BF4997 /* window_shopper.xcdatamodeld */; };
		F3EC0574209223AA00BF4997 /* Assets.xcassets in Resources */ = {isa = PBXBuildFile; fileRef = F3EC0573209223AA00BF4997 /* Assets.xcassets */; };
		F3EC0577209223AA00BF4997 /* LaunchScreen.storyboard in Resources */ = {isa = PBXBuildFile; fileRef = F3EC0575209223AA00BF4997 /* LaunchScreen.storyboard */; };
/* End PBXBuildFile section */

/* Begin PBXContainerItemProxy section */
		F329316520922CBF00D90C67 /* PBXContainerItemProxy */ = {
			isa = PBXContainerItemProxy;
			containerPortal = F3EC055E209223A800BF4997 /* Project object */;
			proxyType = 1;
			remoteGlobalIDString = F3EC0565209223A800BF4997;
			remoteInfo = "window-shopper";
		};
/* End PBXContainerItemProxy section */

/* Begin PBXFileReference section */
		F329315A2092259800D90C67 /* CurrencyTxtField.swift */ = {isa = PBXFileReference; lastKnownFileType = sourcecode.swift; path = CurrencyTxtField.swift; sourceTree = "<group>"; };
		F329316020922CBF00D90C67 /* window-shopperTests.xctest */ = {isa = PBXFileReference; explicitFileType = wrapper.cfbundle; includeInIndex = 0; path = "window-shopperTests.xctest"; sourceTree = BUILT_PRODUCTS_DIR; };
		F329316220922CBF00D90C67 /* window_shopperTests.swift */ = {isa = PBXFileReference; lastKnownFileType = sourcecode.swift; path = window_shopperTests.swift; sourceTree = "<group>"; };
		F329316420922CBF00D90C67 /* Info.plist */ = {isa = PBXFileReference; lastKnownFileType = text.plist.xml; path = Info.plist; sourceTree = "<group>"; };
		F329316B20922CF200D90C67 /* Wage.swift */ = {isa = PBXFileReference; lastKnownFileType = sourcecode.swift; path = Wage.swift; sourceTree = "<group>"; };
		F3EC0566209223A800BF4997 /* window-shopper.app */ = {isa = PBXFileReference; explicitFileType = wrapper.application; includeInIndex = 0; path = "window-shopper.app"; sourceTree = BUILT_PRODUCTS_DIR; };
		F3EC0569209223A800BF4997 /* AppDelegate.swift */ = {isa = PBXFileReference; lastKnownFileType = sourcecode.swift; path = AppDelegate.swift; sourceTree = "<group>"; };
		F3EC056B209223A800BF4997 /* MainVC.swift */ = {isa = PBXFileReference; lastKnownFileType = sourcecode.swift; path = MainVC.swift; sourceTree = "<group>"; };
		F3EC056E209223A800BF4997 /* Base */ = {isa = PBXFileReference; lastKnownFileType = file.storyboard; name = Base; path = Base.lproj/Main.storyboard; sourceTree = "<group>"; };
		F3EC0571209223A800BF4997 /* window_shopper.xcdatamodel */ = {isa = PBXFileReference; lastKnownFileType = wrapper.xcdatamodel; path = window_shopper.xcdatamodel; sourceTree = "<group>"; };
		F3EC0573209223AA00BF4997 /* Assets.xcassets */ = {isa = PBXFileReference; lastKnownFileType = folder.assetcatalog; path = Assets.xcassets; sourceTree = "<group>"; };
		F3EC0576209223AA00BF4997 /* Base */ = {isa = PBXFileReference; lastKnownFileType = file.storyboard; name = Base; path = Base.lproj/LaunchScreen.storyboard; sourceTree = "<group>"; };
		F3EC0578209223AA00BF4997 /* Info.plist */ = {isa = PBXFileReference; lastKnownFileType = text.plist.xml; path = Info.plist; sourceTree = "<group>"; };
/* End PBXFileReference section */

/* Begin PBXFrameworksBuildPhase section */
		F329315D20922CBF00D90C67 /* Frameworks */ = {
			isa = PBXFrameworksBuildPhase;
			buildActionMask = 2147483647;
			files = (
			);
			runOnlyForDeploymentPostprocessing = 0;
		};
		F3EC0563209223A800BF4997 /* Frameworks */ = {
			isa = PBXFrameworksBuildPhase;
			buildActionMask = 2147483647;
			files = (
			);
			runOnlyForDeploymentPostprocessing = 0;
		};
/* End PBXFrameworksBuildPhase section */

/* Begin PBXGroup section */
		F32931582092243D00D90C67 /* Controller */ = {
			isa = PBXGroup;
			children = (
				F3EC056B209223A800BF4997 /* MainVC.swift */,
			);
			path = Controller;
			sourceTree = "<group>";
		};
		F32931592092257700D90C67 /* Views */ = {
			isa = PBXGroup;
			children = (
				F329315A2092259800D90C67 /* CurrencyTxtField.swift */,
			);
			path = Views;
			sourceTree = "<group>";
		};
		F329316120922CBF00D90C67 /* window-shopperTests */ = {
			isa = PBXGroup;
			children = (
				F329316220922CBF00D90C67 /* window_shopperTests.swift */,
				F329316420922CBF00D90C67 /* Info.plist */,
			);
			path = "window-shopperTests";
			sourceTree = "<group>";
		};
		F329316A20922CE100D90C67 /* Model */ = {
			isa = PBXGroup;
			children = (
				F329316B20922CF200D90C67 /* Wage.swift */,
			);
			path = Model;
			sourceTree = "<group>";
		};
		F3EC055D209223A800BF4997 = {
			isa = PBXGroup;
			children = (
				F3EC0568209223A800BF4997 /* window-shopper */,
				F329316120922CBF00D90C67 /* window-shopperTests */,
				F3EC0567209223A800BF4997 /* Products */,
			);
			sourceTree = "<group>";
		};
		F3EC0567209223A800BF4997 /* Products */ = {
			isa = PBXGroup;
			children = (
				F3EC0566209223A800BF4997 /* window-shopper.app */,
				F329316020922CBF00D90C67 /* window-shopperTests.xctest */,
			);
			name = Products;
			sourceTree = "<group>";
		};
		F3EC0568209223A800BF4997 /* window-shopper */ = {
			isa = PBXGroup;
			children = (
				F329316A20922CE100D90C67 /* Model */,
				F32931592092257700D90C67 /* Views */,
				F32931582092243D00D90C67 /* Controller */,
				F3EC0569209223A800BF4997 /* AppDelegate.swift */,
				F3EC056D209223A800BF4997 /* Main.storyboard */,
				F3EC0573209223AA00BF4997 /* Assets.xcassets */,
				F3EC0575209223AA00BF4997 /* LaunchScreen.storyboard */,
				F3EC0578209223AA00BF4997 /* Info.plist */,
				F3EC0570209223A800BF4997 /* window_shopper.xcdatamodeld */,
			);
			path = "window-shopper";
			sourceTree = "<group>";
		};
/* End PBXGroup section */

/* Begin PBXNativeTarget section */
		F329315F20922CBF00D90C67 /* window-shopperTests */ = {
			isa = PBXNativeTarget;
			buildConfigurationList = F329316720922CBF00D90C67 /* Build configuration list for PBXNativeTarget "window-shopperTests" */;
			buildPhases = (
				F329315C20922CBF00D90C67 /* Sources */,
				F329315D20922CBF00D90C67 /* Frameworks */,
				F329315E20922CBF00D90C67 /* Resources */,
			);
			buildRules = (
			);
			dependencies = (
				F329316620922CBF00D90C67 /* PBXTargetDependency */,
			);
			name = "window-shopperTests";
			productName = "window-shopperTests";
			productReference = F329316020922CBF00D90C67 /* window-shopperTests.xctest */;
			productType = "com.apple.product-type.bundle.unit-test";
		};
		F3EC0565209223A800BF4997 /* window-shopper */ = {
			isa = PBXNativeTarget;
			buildConfigurationList = F3EC057B209223AA00BF4997 /* Build configuration list for PBXNativeTarget "window-shopper" */;
			buildPhases = (
				F3EC0562209223A800BF4997 /* Sources */,
				F3EC0563209223A800BF4997 /* Frameworks */,
				F3EC0564209223A800BF4997 /* Resources */,
			);
			buildRules = (
			);
			dependencies = (
			);
			name = "window-shopper";
			productName = "window-shopper";
			productReference = F3EC0566209223A800BF4997 /* window-shopper.app */;
			productType = "com.apple.product-type.application";
		};
/* End PBXNativeTarget section */

/* Begin PBXProject section */
		F3EC055E209223A800BF4997 /* Project object */ = {
			isa = PBXProject;
			attributes = {
				LastSwiftUpdateCheck = 0930;
				LastUpgradeCheck = 0930;
				ORGANIZATIONNAME = "Abdulrohim 'Him' Sama";
				TargetAttributes = {
					F329315F20922CBF00D90C67 = {
						CreatedOnToolsVersion = 9.3;
						TestTargetID = F3EC0565209223A800BF4997;
					};
					F3EC0565209223A800BF4997 = {
						CreatedOnToolsVersion = 9.3;
					};
				};
			};
			buildConfigurationList = F3EC0561209223A800BF4997 /* Build configuration list for PBXProject "window-shopper" */;
			compatibilityVersion = "Xcode 9.3";
			developmentRegion = en;
			hasScannedForEncodings = 0;
			knownRegions = (
				en,
				Base,
			);
			mainGroup = F3EC055D209223A800BF4997;
			productRefGroup = F3EC0567209223A800BF4997 /* Products */;
			projectDirPath = "";
			projectRoot = "";
			targets = (
				F3EC0565209223A800BF4997 /* window-shopper */,
				F329315F20922CBF00D90C67 /* window-shopperTests */,
			);
		};
/* End PBXProject section */

/* Begin PBXResourcesBuildPhase section */
		F329315E20922CBF00D90C67 /* Resources */ = {
			isa = PBXResourcesBuildPhase;
			buildActionMask = 2147483647;
			files = (
			);
			runOnlyForDeploymentPostprocessing = 0;
		};
		F3EC0564209223A800BF4997 /* Resources */ = {
			isa = PBXResourcesBuildPhase;
			buildActionMask = 2147483647;
			files = (
				F3EC0577209223AA00BF4997 /* LaunchScreen.storyboard in Resources */,
				F3EC0574209223AA00BF4997 /* Assets.xcassets in Resources */,
				F3EC056F209223A800BF4997 /* Main.storyboard in Resources */,
			);
			runOnlyForDeploymentPostprocessing = 0;
		};
/* End PBXResourcesBuildPhase section */

/* Begin PBXSourcesBuildPhase section */
		F329315C20922CBF00D90C67 /* Sources */ = {
			isa = PBXSourcesBuildPhase;
			buildActionMask = 2147483647;
			files = (
				F329316320922CBF00D90C67 /* window_shopperTests.swift in Sources */,
				F329316D20922E2D00D90C67 /* Wage.swift in Sources */,
			);
			runOnlyForDeploymentPostprocessing = 0;
		};
		F3EC0562209223A800BF4997 /* Sources */ = {
			isa = PBXSourcesBuildPhase;
			buildActionMask = 2147483647;
			files = (
				F329315B2092259800D90C67 /* CurrencyTxtField.swift in Sources */,
				F3EC0572209223A800BF4997 /* window_shopper.xcdatamodeld in Sources */,
				F329316C20922CF200D90C67 /* Wage.swift in Sources */,
				F3EC056C209223A800BF4997 /* MainVC.swift in Sources */,
				F3EC056A209223A800BF4997 /* AppDelegate.swift in Sources */,
			);
			runOnlyForDeploymentPostprocessing = 0;
		};
/* End PBXSourcesBuildPhase section */

/* Begin PBXTargetDependency section */
		F329316620922CBF00D90C67 /* PBXTargetDependency */ = {
			isa = PBXTargetDependency;
			target = F3EC0565209223A800BF4997 /* window-shopper */;
			targetProxy = F329316520922CBF00D90C67 /* PBXContainerItemProxy */;
		};
/* End PBXTargetDependency section */

/* Begin PBXVariantGroup section */
		F3EC056D209223A800BF4997 /* Main.storyboard */ = {
			isa = PBXVariantGroup;
			children = (
				F3EC056E209223A800BF4997 /* Base */,
			);
			name = Main.storyboard;
			sourceTree = "<group>";
		};
		F3EC0575209223AA00BF4997 /* LaunchScreen.storyboard */ = {
			isa = PBXVariantGroup;
			children = (
				F3EC0576209223AA00BF4997 /* Base */,
			);
			name = LaunchScreen.storyboard;
			sourceTree = "<group>";
		};
/* End PBXVariantGroup section */

/* Begin XCBuildConfiguration section */
		F329316820922CBF00D90C67 /* Debug */ = {
			isa = XCBuildConfiguration;
			buildSettings = {
				BUNDLE_LOADER = "$(TEST_HOST)";
				CODE_SIGN_STYLE = Automatic;
				INFOPLIST_FILE = "window-shopperTests/Info.plist";
				LD_RUNPATH_SEARCH_PATHS = (
					"$(inherited)",
					"@executable_path/Frameworks",
					"@loader_path/Frameworks",
				);
				PRODUCT_BUNDLE_IDENTIFIER = "beginner.window-shopperTests";
				PRODUCT_NAME = "$(TARGET_NAME)";
				SWIFT_VERSION = 4.0;
				TARGETED_DEVICE_FAMILY = "1,2";
				TEST_HOST = "$(BUILT_PRODUCTS_DIR)/window-shopper.app/window-shopper";
			};
			name = Debug;
		};
		F329316920922CBF00D90C67 /* Release */ = {
			isa = XCBuildConfiguration;
			buildSettings = {
				BUNDLE_LOADER = "$(TEST_HOST)";
				CODE_SIGN_STYLE = Automatic;
				INFOPLIST_FILE = "window-shopperTests/Info.plist";
				LD_RUNPATH_SEARCH_PATHS = (
					"$(inherited)",
					"@executable_path/Frameworks",
					"@loader_path/Frameworks",
				);
				PRODUCT_BUNDLE_IDENTIFIER = "beginner.window-shopperTests";
				PRODUCT_NAME = "$(TARGET_NAME)";
				SWIFT_VERSION = 4.0;
				TARGETED_DEVICE_FAMILY = "1,2";
				TEST_HOST = "$(BUILT_PRODUCTS_DIR)/window-shopper.app/window-shopper";
			};
			name = Release;
		};
		F3EC0579209223AA00BF4997 /* Debug */ = {
			isa = XCBuildConfiguration;
			buildSettings = {
				ALWAYS_SEARCH_USER_PATHS = NO;
				CLANG_ANALYZER_NONNULL = YES;
				CLANG_ANALYZER_NUMBER_OBJECT_CONVERSION = YES_AGGRESSIVE;
				CLANG_CXX_LANGUAGE_STANDARD = "gnu++14";
				CLANG_CXX_LIBRARY = "libc++";
				CLANG_ENABLE_MODULES = YES;
				CLANG_ENABLE_OBJC_ARC = YES;
				CLANG_ENABLE_OBJC_WEAK = YES;
				CLANG_WARN_BLOCK_CAPTURE_AUTORELEASING = YES;
				CLANG_WARN_BOOL_CONVERSION = YES;
				CLANG_WARN_COMMA = YES;
				CLANG_WARN_CONSTANT_CONVERSION = YES;
				CLANG_WARN_DEPRECATED_OBJC_IMPLEMENTATIONS = YES;
				CLANG_WARN_DIRECT_OBJC_ISA_USAGE = YES_ERROR;
				CLANG_WARN_DOCUMENTATION_COMMENTS = YES;
				CLANG_WARN_EMPTY_BODY = YES;
				CLANG_WARN_ENUM_CONVERSION = YES;
				CLANG_WARN_INFINITE_RECURSION = YES;
				CLANG_WARN_INT_CONVERSION = YES;
				CLANG_WARN_NON_LITERAL_NULL_CONVERSION = YES;
				CLANG_WARN_OBJC_IMPLICIT_RETAIN_SELF = YES;
				CLANG_WARN_OBJC_LITERAL_CONVERSION = YES;
				CLANG_WARN_OBJC_ROOT_CLASS = YES_ERROR;
				CLANG_WARN_RANGE_LOOP_ANALYSIS = YES;
				CLANG_WARN_STRICT_PROTOTYPES = YES;
				CLANG_WARN_SUSPICIOUS_MOVE = YES;
				CLANG_WARN_UNGUARDED_AVAILABILITY = YES_AGGRESSIVE;
				CLANG_WARN_UNREACHABLE_CODE = YES;
				CLANG_WARN__DUPLICATE_METHOD_MATCH = YES;
				CODE_SIGN_IDENTITY = "iPhone Developer";
				COPY_PHASE_STRIP = NO;
				DEBUG_INFORMATION_FORMAT = dwarf;
				ENABLE_STRICT_OBJC_MSGSEND = YES;
				ENABLE_TESTABILITY = YES;
				GCC_C_LANGUAGE_STANDARD = gnu11;
				GCC_DYNAMIC_NO_PIC = NO;
				GCC_NO_COMMON_BLOCKS = YES;
				GCC_OPTIMIZATION_LEVEL = 0;
				GCC_PREPROCESSOR_DEFINITIONS = (
					"DEBUG=1",
					"$(inherited)",
				);
				GCC_WARN_64_TO_32_BIT_CONVERSION = YES;
				GCC_WARN_ABOUT_RETURN_TYPE = YES_ERROR;
				GCC_WARN_UNDECLARED_SELECTOR = YES;
				GCC_WARN_UNINITIALIZED_AUTOS = YES_AGGRESSIVE;
				GCC_WARN_UNUSED_FUNCTION = YES;
				GCC_WARN_UNUSED_VARIABLE = YES;
				IPHONEOS_DEPLOYMENT_TARGET = 11.3;
				MTL_ENABLE_DEBUG_INFO = YES;
				ONLY_ACTIVE_ARCH = YES;
				SDKROOT = iphoneos;
				SWIFT_ACTIVE_COMPILATION_CONDITIONS = DEBUG;
				SWIFT_OPTIMIZATION_LEVEL = "-Onone";
			};
			name = Debug;
		};
		F3EC057A209223AA00BF4997 /* Release */ = {
			isa = XCBuildConfiguration;
			buildSettings = {
				ALWAYS_SEARCH_USER_PATHS = NO;
				CLANG_ANALYZER_NONNULL = YES;
				CLANG_ANALYZER_NUMBER_OBJECT_CONVERSION = YES_AGGRESSIVE;
				CLANG_CXX_LANGUAGE_STANDARD = "gnu++14";
				CLANG_CXX_LIBRARY = "libc++";
				CLANG_ENABLE_MODULES = YES;
				CLANG_ENABLE_OBJC_ARC = YES;
				CLANG_ENABLE_OBJC_WEAK = YES;
				CLANG_WARN_BLOCK_CAPTURE_AUTORELEASING = YES;
				CLANG_WARN_BOOL_CONVERSION = YES;
				CLANG_WARN_COMMA = YES;
				CLANG_WARN_CONSTANT_CONVERSION = YES;
				CLANG_WARN_DEPRECATED_OBJC_IMPLEMENTATIONS = YES;
				CLANG_WARN_DIRECT_OBJC_ISA_USAGE = YES_ERROR;
				CLANG_WARN_DOCUMENTATION_COMMENTS = YES;
				CLANG_WARN_EMPTY_BODY = YES;
				CLANG_WARN_ENUM_CONVERSION = YES;
				CLANG_WARN_INFINITE_RECURSION = YES;
				CLANG_WARN_INT_CONVERSION = YES;
				CLANG_WARN_NON_LITERAL_NULL_CONVERSION = YES;
				CLANG_WARN_OBJC_IMPLICIT_RETAIN_SELF = YES;
				CLANG_WARN_OBJC_LITERAL_CONVERSION = YES;
				CLANG_WARN_OBJC_ROOT_CLASS = YES_ERROR;
				CLANG_WARN_RANGE_LOOP_ANALYSIS = YES;
				CLANG_WARN_STRICT_PROTOTYPES = YES;
				CLANG_WARN_SUSPICIOUS_MOVE = YES;
				CLANG_WARN_UNGUARDED_AVAILABILITY = YES_AGGRESSIVE;
				CLANG_WARN_UNREACHABLE_CODE = YES;
				CLANG_WARN__DUPLICATE_METHOD_MATCH = YES;
				CODE_SIGN_IDENTITY = "iPhone Developer";
				COPY_PHASE_STRIP = NO;
				DEBUG_INFORMATION_FORMAT = "dwarf-with-dsym";
				ENABLE_NS_ASSERTIONS = NO;
				ENABLE_STRICT_OBJC_MSGSEND = YES;
				GCC_C_LANGUAGE_STANDARD = gnu11;
				GCC_NO_COMMON_BLOCKS = YES;
				GCC_WARN_64_TO_32_BIT_CONVERSION = YES;
				GCC_WARN_ABOUT_RETURN_TYPE = YES_ERROR;
				GCC_WARN_UNDECLARED_SELECTOR = YES;
				GCC_WARN_UNINITIALIZED_AUTOS = YES_AGGRESSIVE;
				GCC_WARN_UNUSED_FUNCTION = YES;
				GCC_WARN_UNUSED_VARIABLE = YES;
				IPHONEOS_DEPLOYMENT_TARGET = 11.3;
				MTL_ENABLE_DEBUG_INFO = NO;
				SDKROOT = iphoneos;
				SWIFT_COMPILATION_MODE = wholemodule;
				SWIFT_OPTIMIZATION_LEVEL = "-O";
				VALIDATE_PRODUCT = YES;
			};
			name = Release;
		};
		F3EC057C209223AA00BF4997 /* Debug */ = {
			isa = XCBuildConfiguration;
			buildSettings = {
				ASSETCATALOG_COMPILER_APPICON_NAME = AppIcon;
				CODE_SIGN_STYLE = Automatic;
				INFOPLIST_FILE = "window-shopper/Info.plist";
				LD_RUNPATH_SEARCH_PATHS = (
					"$(inherited)",
					"@executable_path/Frameworks",
				);
				PRODUCT_BUNDLE_IDENTIFIER = "beginner.window-shopper";
				PRODUCT_NAME = "$(TARGET_NAME)";
				SWIFT_VERSION = 4.0;
				TARGETED_DEVICE_FAMILY = "1,2";
			};
			name = Debug;
		};
		F3EC057D209223AA00BF4997 /* Release */ = {
			isa = XCBuildConfiguration;
			buildSettings = {
				ASSETCATALOG_COMPILER_APPICON_NAME = AppIcon;
				CODE_SIGN_STYLE = Automatic;
				INFOPLIST_FILE = "window-shopper/Info.plist";
				LD_RUNPATH_SEARCH_PATHS = (
					"$(inherited)",
					"@executable_path/Frameworks",
				);
				PRODUCT_BUNDLE_IDENTIFIER = "beginner.window-shopper";
				PRODUCT_NAME = "$(TARGET_NAME)";
				SWIFT_VERSION = 4.0;
				TARGETED_DEVICE_FAMILY = "1,2";
			};
			name = Release;
		};
/* End XCBuildConfiguration section */

/* Begin XCConfigurationList section */
		F329316720922CBF00D90C67 /* Build configuration list for PBXNativeTarget "window-shopperTests" */ = {
			isa = XCConfigurationList;
			buildConfigurations = (
				F329316820922CBF00D90C67 /* Debug */,
				F329316920922CBF00D90C67 /* Release */,
			);
			defaultConfigurationIsVisible = 0;
			defaultConfigurationName = Release;
		};
		F3EC0561209223A800BF4997 /* Build configuration list for PBXProject "window-shopper" */ = {
			isa = XCConfigurationList;
			buildConfigurations = (
				F3EC0579209223AA00BF4997 /* Debug */,
				F3EC057A209223AA00BF4997 /* Release */,
			);
			defaultConfigurationIsVisible = 0;
			defaultConfigurationName = Release;
		};
		F3EC057B209223AA00BF4997 /* Build configuration list for PBXNativeTarget "window-shopper" */ = {
			isa = XCConfigurationList;
			buildConfigurations = (
				F3EC057C209223AA00BF4997 /* Debug */,
				F3EC057D209223AA00BF4997 /* Release */,
			);
			defaultConfigurationIsVisible = 0;
			defaultConfigurationName = Release;
		};
/* End XCConfigurationList section */

/* Begin XCVersionGroup section */
		F3EC0570209223A800BF4997 /* window_shopper.xcdatamodeld */ = {
			isa = XCVersionGroup;
			children = (
				F3EC0571209223A800BF4997 /* window_shopper.xcdatamodel */,
			);
			currentVersion = F3EC0571209223A800BF4997 /* window_shopper.xcdatamodel */;
			path = window_shopper.xcdatamodeld;
			sourceTree = "<group>";
			versionGroupType = wrapper.xcdatamodel;
		};
/* End XCVersionGroup section */
	};
	rootObject = F3EC055E209223A800BF4997 /* Project object */;
}
