// !$*UTF8*$!
{
	archiveVersion = 1;
	classes = {
	};
	objectVersion = 50;
	objects = {

/* Begin PBXBuildFile section */
		F3EB71A92080BA84005BFAF0 /* AppDelegate.swift in Sources */ = {isa = PBXBuildFile; fileRef = F3EB71A82080BA84005BFAF0 /* AppDelegate.swift */; };
		F3EB71AB2080BA84005BFAF0 /* ViewController.swift in Sources */ = {isa = PBXBuildFile; fileRef = F3EB71AA2080BA84005BFAF0 /* ViewController.swift */; };
		F3EB71AE2080BA84005BFAF0 /* Main.storyboard in Resources */ = {isa = PBXBuildFile; fileRef = F3EB71AC2080BA84005BFAF0 /* Main.storyboard */; };
		F3EB71B12080BA84005BFAF0 /* Eluxon.xcdatamodeld in Sources */ = {isa = PBXBuildFile; fileRef = F3EB71AF2080BA84005BFAF0 /* Eluxon.xcdatamodeld */; };
		F3EB71B32080BA86005BFAF0 /* Assets.xcassets in Resources */ = {isa = PBXBuildFile; fileRef = F3EB71B22080BA86005BFAF0 /* Assets.xcassets */; };
		F3EB71B62080BA86005BFAF0 /* LaunchScreen.storyboard in Resources */ = {isa = PBXBuildFile; fileRef = F3EB71B42080BA86005BFAF0 /* LaunchScreen.storyboard */; };
		F3EB71C02080BC90005BFAF0 /* SwitchStatus.swift in Sources */ = {isa = PBXBuildFile; fileRef = F3EB71BF2080BC90005BFAF0 /* SwitchStatus.swift */; };
		F3EB71C22080BCC0005BFAF0 /* Togglable.swift in Sources */ = {isa = PBXBuildFile; fileRef = F3EB71C12080BCC0005BFAF0 /* Togglable.swift */; };
/* End PBXBuildFile section */

/* Begin PBXFileReference section */
		F3EB71A52080BA84005BFAF0 /* Eluxon.app */ = {isa = PBXFileReference; explicitFileType = wrapper.application; includeInIndex = 0; path = Eluxon.app; sourceTree = BUILT_PRODUCTS_DIR; };
		F3EB71A82080BA84005BFAF0 /* AppDelegate.swift */ = {isa = PBXFileReference; lastKnownFileType = sourcecode.swift; path = AppDelegate.swift; sourceTree = "<group>"; };
		F3EB71AA2080BA84005BFAF0 /* ViewController.swift */ = {isa = PBXFileReference; lastKnownFileType = sourcecode.swift; path = ViewController.swift; sourceTree = "<group>"; };
		F3EB71AD2080BA84005BFAF0 /* Base */ = {isa = PBXFileReference; lastKnownFileType = file.storyboard; name = Base; path = Base.lproj/Main.storyboard; sourceTree = "<group>"; };
		F3EB71B02080BA84005BFAF0 /* Eluxon.xcdatamodel */ = {isa = PBXFileReference; lastKnownFileType = wrapper.xcdatamodel; path = Eluxon.xcdatamodel; sourceTree = "<group>"; };
		F3EB71B22080BA86005BFAF0 /* Assets.xcassets */ = {isa = PBXFileReference; lastKnownFileType = folder.assetcatalog; path = Assets.xcassets; sourceTree = "<group>"; };
		F3EB71B52080BA86005BFAF0 /* Base */ = {isa = PBXFileReference; lastKnownFileType = file.storyboard; name = Base; path = Base.lproj/LaunchScreen.storyboard; sourceTree = "<group>"; };
		F3EB71B72080BA86005BFAF0 /* Info.plist */ = {isa = PBXFileReference; lastKnownFileType = text.plist.xml; path = Info.plist; sourceTree = "<group>"; };
		F3EB71BF2080BC90005BFAF0 /* SwitchStatus.swift */ = {isa = PBXFileReference; lastKnownFileType = sourcecode.swift; path = SwitchStatus.swift; sourceTree = "<group>"; };
		F3EB71C12080BCC0005BFAF0 /* Togglable.swift */ = {isa = PBXFileReference; lastKnownFileType = sourcecode.swift; path = Togglable.swift; sourceTree = "<group>"; };
/* End PBXFileReference section */

/* Begin PBXFrameworksBuildPhase section */
		F3EB71A22080BA84005BFAF0 /* Frameworks */ = {
			isa = PBXFrameworksBuildPhase;
			buildActionMask = 2147483647;
			files = (
			);
			runOnlyForDeploymentPostprocessing = 0;
		};
/* End PBXFrameworksBuildPhase section */

/* Begin PBXGroup section */
		F3EB719C2080BA84005BFAF0 = {
			isa = PBXGroup;
			children = (
				F3EB71A72080BA84005BFAF0 /* Eluxon */,
				F3EB71A62080BA84005BFAF0 /* Products */,
			);
			sourceTree = "<group>";
		};
		F3EB71A62080BA84005BFAF0 /* Products */ = {
			isa = PBXGroup;
			children = (
				F3EB71A52080BA84005BFAF0 /* Eluxon.app */,
			);
			name = Products;
			sourceTree = "<group>";
		};
		F3EB71A72080BA84005BFAF0 /* Eluxon */ = {
			isa = PBXGroup;
			children = (
				F3EB71BE2080BC7C005BFAF0 /* Protocols */,
				F3EB71BD2080BC68005BFAF0 /* Enums */,
				F3EB71A82080BA84005BFAF0 /* AppDelegate.swift */,
				F3EB71AA2080BA84005BFAF0 /* ViewController.swift */,
				F3EB71AC2080BA84005BFAF0 /* Main.storyboard */,
				F3EB71B22080BA86005BFAF0 /* Assets.xcassets */,
				F3EB71B42080BA86005BFAF0 /* LaunchScreen.storyboard */,
				F3EB71B72080BA86005BFAF0 /* Info.plist */,
				F3EB71AF2080BA84005BFAF0 /* Eluxon.xcdatamodeld */,
			);
			path = Eluxon;
			sourceTree = "<group>";
		};
		F3EB71BD2080BC68005BFAF0 /* Enums */ = {
			isa = PBXGroup;
			children = (
				F3EB71BF2080BC90005BFAF0 /* SwitchStatus.swift */,
			);
			path = Enums;
			sourceTree = "<group>";
		};
		F3EB71BE2080BC7C005BFAF0 /* Protocols */ = {
			isa = PBXGroup;
			children = (
				F3EB71C12080BCC0005BFAF0 /* Togglable.swift */,
			);
			path = Protocols;
			sourceTree = "<group>";
		};
/* End PBXGroup section */

/* Begin PBXNativeTarget section */
		F3EB71A42080BA84005BFAF0 /* Eluxon */ = {
			isa = PBXNativeTarget;
			buildConfigurationList = F3EB71BA2080BA86005BFAF0 /* Build configuration list for PBXNativeTarget "Eluxon" */;
			buildPhases = (
				F3EB71A12080BA84005BFAF0 /* Sources */,
				F3EB71A22080BA84005BFAF0 /* Frameworks */,
				F3EB71A32080BA84005BFAF0 /* Resources */,
			);
			buildRules = (
			);
			dependencies = (
			);
			name = Eluxon;
			productName = Eluxon;
			productReference = F3EB71A52080BA84005BFAF0 /* Eluxon.app */;
			productType = "com.apple.product-type.application";
		};
/* End PBXNativeTarget section */

/* Begin PBXProject section */
		F3EB719D2080BA84005BFAF0 /* Project object */ = {
			isa = PBXProject;
			attributes = {
				LastSwiftUpdateCheck = 0930;
				LastUpgradeCheck = 0930;
				ORGANIZATIONNAME = "Abdulrohim 'Him' Sama";
				TargetAttributes = {
					F3EB71A42080BA84005BFAF0 = {
						CreatedOnToolsVersion = 9.3;
					};
				};
			};
			buildConfigurationList = F3EB71A02080BA84005BFAF0 /* Build configuration list for PBXProject "Eluxon" */;
			compatibilityVersion = "Xcode 9.3";
			developmentRegion = en;
			hasScannedForEncodings = 0;
			knownRegions = (
				en,
				Base,
			);
			mainGroup = F3EB719C2080BA84005BFAF0;
			productRefGroup = F3EB71A62080BA84005BFAF0 /* Products */;
			projectDirPath = "";
			projectRoot = "";
			targets = (
				F3EB71A42080BA84005BFAF0 /* Eluxon */,
			);
		};
/* End PBXProject section */

/* Begin PBXResourcesBuildPhase section */
		F3EB71A32080BA84005BFAF0 /* Resources */ = {
			isa = PBXResourcesBuildPhase;
			buildActionMask = 2147483647;
			files = (
				F3EB71B62080BA86005BFAF0 /* LaunchScreen.storyboard in Resources */,
				F3EB71B32080BA86005BFAF0 /* Assets.xcassets in Resources */,
				F3EB71AE2080BA84005BFAF0 /* Main.storyboard in Resources */,
			);
			runOnlyForDeploymentPostprocessing = 0;
		};
/* End PBXResourcesBuildPhase section */

/* Begin PBXSourcesBuildPhase section */
		F3EB71A12080BA84005BFAF0 /* Sources */ = {
			isa = PBXSourcesBuildPhase;
			buildActionMask = 2147483647;
			files = (
				F3EB71B12080BA84005BFAF0 /* Eluxon.xcdatamodeld in Sources */,
				F3EB71AB2080BA84005BFAF0 /* ViewController.swift in Sources */,
				F3EB71C22080BCC0005BFAF0 /* Togglable.swift in Sources */,
				F3EB71A92080BA84005BFAF0 /* AppDelegate.swift in Sources */,
				F3EB71C02080BC90005BFAF0 /* SwitchStatus.swift in Sources */,
			);
			runOnlyForDeploymentPostprocessing = 0;
		};
/* End PBXSourcesBuildPhase section */

/* Begin PBXVariantGroup section */
		F3EB71AC2080BA84005BFAF0 /* Main.storyboard */ = {
			isa = PBXVariantGroup;
			children = (
				F3EB71AD2080BA84005BFAF0 /* Base */,
			);
			name = Main.storyboard;
			sourceTree = "<group>";
		};
		F3EB71B42080BA86005BFAF0 /* LaunchScreen.storyboard */ = {
			isa = PBXVariantGroup;
			children = (
				F3EB71B52080BA86005BFAF0 /* Base */,
			);
			name = LaunchScreen.storyboard;
			sourceTree = "<group>";
		};
/* End PBXVariantGroup section */

/* Begin XCBuildConfiguration section */
		F3EB71B82080BA86005BFAF0 /* Debug */ = {
			isa = XCBuildConfiguration;
			buildSettings = {
				ALWAYS_SEARCH_USER_PATHS = NO;
				CLANG_ANALYZER_NONNULL = YES;
				CLANG_ANALYZER_NUMBER_OBJECT_CONVERSION = YES_AGGRESSIVE;
				CLANG_CXX_LANGUAGE_STANDARD = "gnu++14";
				CLANG_CXX_LIBRARY = "libc++";
				CLANG_ENABLE_MODULES = YES;
				CLANG_ENABLE_OBJC_ARC = YES;
				CLANG_ENABLE_OBJC_WEAK = YES;
				CLANG_WARN_BLOCK_CAPTURE_AUTORELEASING = YES;
				CLANG_WARN_BOOL_CONVERSION = YES;
				CLANG_WARN_COMMA = YES;
				CLANG_WARN_CONSTANT_CONVERSION = YES;
				CLANG_WARN_DEPRECATED_OBJC_IMPLEMENTATIONS = YES;
				CLANG_WARN_DIRECT_OBJC_ISA_USAGE = YES_ERROR;
				CLANG_WARN_DOCUMENTATION_COMMENTS = YES;
				CLANG_WARN_EMPTY_BODY = YES;
				CLANG_WARN_ENUM_CONVERSION = YES;
				CLANG_WARN_INFINITE_RECURSION = YES;
				CLANG_WARN_INT_CONVERSION = YES;
				CLANG_WARN_NON_LITERAL_NULL_CONVERSION = YES;
				CLANG_WARN_OBJC_IMPLICIT_RETAIN_SELF = YES;
				CLANG_WARN_OBJC_LITERAL_CONVERSION = YES;
				CLANG_WARN_OBJC_ROOT_CLASS = YES_ERROR;
				CLANG_WARN_RANGE_LOOP_ANALYSIS = YES;
				CLANG_WARN_STRICT_PROTOTYPES = YES;
				CLANG_WARN_SUSPICIOUS_MOVE = YES;
				CLANG_WARN_UNGUARDED_AVAILABILITY = YES_AGGRESSIVE;
				CLANG_WARN_UNREACHABLE_CODE = YES;
				CLANG_WARN__DUPLICATE_METHOD_MATCH = YES;
				CODE_SIGN_IDENTITY = "iPhone Developer";
				COPY_PHASE_STRIP = NO;
				DEBUG_INFORMATION_FORMAT = dwarf;
				ENABLE_STRICT_OBJC_MSGSEND = YES;
				ENABLE_TESTABILITY = YES;
				GCC_C_LANGUAGE_STANDARD = gnu11;
				GCC_DYNAMIC_NO_PIC = NO;
				GCC_NO_COMMON_BLOCKS = YES;
				GCC_OPTIMIZATION_LEVEL = 0;
				GCC_PREPROCESSOR_DEFINITIONS = (
					"DEBUG=1",
					"$(inherited)",
				);
				GCC_WARN_64_TO_32_BIT_CONVERSION = YES;
				GCC_WARN_ABOUT_RETURN_TYPE = YES_ERROR;
				GCC_WARN_UNDECLARED_SELECTOR = YES;
				GCC_WARN_UNINITIALIZED_AUTOS = YES_AGGRESSIVE;
				GCC_WARN_UNUSED_FUNCTION = YES;
				GCC_WARN_UNUSED_VARIABLE = YES;
				IPHONEOS_DEPLOYMENT_TARGET = 11.3;
				MTL_ENABLE_DEBUG_INFO = YES;
				ONLY_ACTIVE_ARCH = YES;
				SDKROOT = iphoneos;
				SWIFT_ACTIVE_COMPILATION_CONDITIONS = DEBUG;
				SWIFT_OPTIMIZATION_LEVEL = "-Onone";
			};
			name = Debug;
		};
		F3EB71B92080BA86005BFAF0 /* Release */ = {
			isa = XCBuildConfiguration;
			buildSettings = {
				ALWAYS_SEARCH_USER_PATHS = NO;
				CLANG_ANALYZER_NONNULL = YES;
				CLANG_ANALYZER_NUMBER_OBJECT_CONVERSION = YES_AGGRESSIVE;
				CLANG_CXX_LANGUAGE_STANDARD = "gnu++14";
				CLANG_CXX_LIBRARY = "libc++";
				CLANG_ENABLE_MODULES = YES;
				CLANG_ENABLE_OBJC_ARC = YES;
				CLANG_ENABLE_OBJC_WEAK = YES;
				CLANG_WARN_BLOCK_CAPTURE_AUTORELEASING = YES;
				CLANG_WARN_BOOL_CONVERSION = YES;
				CLANG_WARN_COMMA = YES;
				CLANG_WARN_CONSTANT_CONVERSION = YES;
				CLANG_WARN_DEPRECATED_OBJC_IMPLEMENTATIONS = YES;
				CLANG_WARN_DIRECT_OBJC_ISA_USAGE = YES_ERROR;
				CLANG_WARN_DOCUMENTATION_COMMENTS = YES;
				CLANG_WARN_EMPTY_BODY = YES;
				CLANG_WARN_ENUM_CONVERSION = YES;
				CLANG_WARN_INFINITE_RECURSION = YES;
				CLANG_WARN_INT_CONVERSION = YES;
				CLANG_WARN_NON_LITERAL_NULL_CONVERSION = YES;
				CLANG_WARN_OBJC_IMPLICIT_RETAIN_SELF = YES;
				CLANG_WARN_OBJC_LITERAL_CONVERSION = YES;
				CLANG_WARN_OBJC_ROOT_CLASS = YES_ERROR;
				CLANG_WARN_RANGE_LOOP_ANALYSIS = YES;
				CLANG_WARN_STRICT_PROTOTYPES = YES;
				CLANG_WARN_SUSPICIOUS_MOVE = YES;
				CLANG_WARN_UNGUARDED_AVAILABILITY = YES_AGGRESSIVE;
				CLANG_WARN_UNREACHABLE_CODE = YES;
				CLANG_WARN__DUPLICATE_METHOD_MATCH = YES;
				CODE_SIGN_IDENTITY = "iPhone Developer";
				COPY_PHASE_STRIP = NO;
				DEBUG_INFORMATION_FORMAT = "dwarf-with-dsym";
				ENABLE_NS_ASSERTIONS = NO;
				ENABLE_STRICT_OBJC_MSGSEND = YES;
				GCC_C_LANGUAGE_STANDARD = gnu11;
				GCC_NO_COMMON_BLOCKS = YES;
				GCC_WARN_64_TO_32_BIT_CONVERSION = YES;
				GCC_WARN_ABOUT_RETURN_TYPE = YES_ERROR;
				GCC_WARN_UNDECLARED_SELECTOR = YES;
				GCC_WARN_UNINITIALIZED_AUTOS = YES_AGGRESSIVE;
				GCC_WARN_UNUSED_FUNCTION = YES;
				GCC_WARN_UNUSED_VARIABLE = YES;
				IPHONEOS_DEPLOYMENT_TARGET = 11.3;
				MTL_ENABLE_DEBUG_INFO = NO;
				SDKROOT = iphoneos;
				SWIFT_COMPILATION_MODE = wholemodule;
				SWIFT_OPTIMIZATION_LEVEL = "-O";
				VALIDATE_PRODUCT = YES;
			};
			name = Release;
		};
		F3EB71BB2080BA86005BFAF0 /* Debug */ = {
			isa = XCBuildConfiguration;
			buildSettings = {
				ASSETCATALOG_COMPILER_APPICON_NAME = AppIcon;
				CODE_SIGN_STYLE = Automatic;
				INFOPLIST_FILE = Eluxon/Info.plist;
				LD_RUNPATH_SEARCH_PATHS = (
					"$(inherited)",
					"@executable_path/Frameworks",
				);
				PRODUCT_BUNDLE_IDENTIFIER = beginner.Eluxon;
				PRODUCT_NAME = "$(TARGET_NAME)";
				SWIFT_VERSION = 4.0;
				TARGETED_DEVICE_FAMILY = "1,2";
			};
			name = Debug;
		};
		F3EB71BC2080BA86005BFAF0 /* Release */ = {
			isa = XCBuildConfiguration;
			buildSettings = {
				ASSETCATALOG_COMPILER_APPICON_NAME = AppIcon;
				CODE_SIGN_STYLE = Automatic;
				INFOPLIST_FILE = Eluxon/Info.plist;
				LD_RUNPATH_SEARCH_PATHS = (
					"$(inherited)",
					"@executable_path/Frameworks",
				);
				PRODUCT_BUNDLE_IDENTIFIER = beginner.Eluxon;
				PRODUCT_NAME = "$(TARGET_NAME)";
				SWIFT_VERSION = 4.0;
				TARGETED_DEVICE_FAMILY = "1,2";
			};
			name = Release;
		};
/* End XCBuildConfiguration section */

/* Begin XCConfigurationList section */
		F3EB71A02080BA84005BFAF0 /* Build configuration list for PBXProject "Eluxon" */ = {
			isa = XCConfigurationList;
			buildConfigurations = (
				F3EB71B82080BA86005BFAF0 /* Debug */,
				F3EB71B92080BA86005BFAF0 /* Release */,
			);
			defaultConfigurationIsVisible = 0;
			defaultConfigurationName = Release;
		};
		F3EB71BA2080BA86005BFAF0 /* Build configuration list for PBXNativeTarget "Eluxon" */ = {
			isa = XCConfigurationList;
			buildConfigurations = (
				F3EB71BB2080BA86005BFAF0 /* Debug */,
				F3EB71BC2080BA86005BFAF0 /* Release */,
			);
			defaultConfigurationIsVisible = 0;
			defaultConfigurationName = Release;
		};
/* End XCConfigurationList section */

/* Begin XCVersionGroup section */
		F3EB71AF2080BA84005BFAF0 /* Eluxon.xcdatamodeld */ = {
			isa = XCVersionGroup;
			children = (
				F3EB71B02080BA84005BFAF0 /* Eluxon.xcdatamodel */,
			);
			currentVersion = F3EB71B02080BA84005BFAF0 /* Eluxon.xcdatamodel */;
			path = Eluxon.xcdatamodeld;
			sourceTree = "<group>";
			versionGroupType = wrapper.xcdatamodel;
		};
/* End XCVersionGroup section */
	};
	rootObject = F3EB719D2080BA84005BFAF0 /* Project object */;
}
