// !$*UTF8*$!
{
	archiveVersion = 1;
	classes = {
	};
	objectVersion = 50;
	objects = {

/* Begin PBXBuildFile section */
		F3C62CCB207D239000F12FFB /* AppDelegate.swift in Sources */ = {isa = PBXBuildFile; fileRef = F3C62CCA207D239000F12FFB /* AppDelegate.swift */; };
		F3C62CCD207D239000F12FFB /* ViewController.swift in Sources */ = {isa = PBXBuildFile; fileRef = F3C62CCC207D239000F12FFB /* ViewController.swift */; };
		F3C62CD0207D239000F12FFB /* Main.storyboard in Resources */ = {isa = PBXBuildFile; fileRef = F3C62CCE207D239000F12FFB /* Main.storyboard */; };
		F3C62CD3207D239000F12FFB /* Extension2.xcdatamodeld in Sources */ = {isa = PBXBuildFile; fileRef = F3C62CD1207D239000F12FFB /* Extension2.xcdatamodeld */; };
		F3C62CD5207D239300F12FFB /* Assets.xcassets in Resources */ = {isa = PBXBuildFile; fileRef = F3C62CD4207D239300F12FFB /* Assets.xcassets */; };
		F3C62CD8207D239300F12FFB /* LaunchScreen.storyboard in Resources */ = {isa = PBXBuildFile; fileRef = F3C62CD6207D239300F12FFB /* LaunchScreen.storyboard */; };
		F3C62CE0207D26E100F12FFB /* UIButtonExt.swift in Sources */ = {isa = PBXBuildFile; fileRef = F3C62CDF207D26E100F12FFB /* UIButtonExt.swift */; };
		F3C62CE2207D294C00F12FFB /* Helpers.swift in Sources */ = {isa = PBXBuildFile; fileRef = F3C62CE1207D294C00F12FFB /* Helpers.swift */; };
/* End PBXBuildFile section */

/* Begin PBXFileReference section */
		F3C62CC7207D239000F12FFB /* Extension2.app */ = {isa = PBXFileReference; explicitFileType = wrapper.application; includeInIndex = 0; path = Extension2.app; sourceTree = BUILT_PRODUCTS_DIR; };
		F3C62CCA207D239000F12FFB /* AppDelegate.swift */ = {isa = PBXFileReference; lastKnownFileType = sourcecode.swift; path = AppDelegate.swift; sourceTree = "<group>"; };
		F3C62CCC207D239000F12FFB /* ViewController.swift */ = {isa = PBXFileReference; lastKnownFileType = sourcecode.swift; path = ViewController.swift; sourceTree = "<group>"; };
		F3C62CCF207D239000F12FFB /* Base */ = {isa = PBXFileReference; lastKnownFileType = file.storyboard; name = Base; path = Base.lproj/Main.storyboard; sourceTree = "<group>"; };
		F3C62CD2207D239000F12FFB /* Extension2.xcdatamodel */ = {isa = PBXFileReference; lastKnownFileType = wrapper.xcdatamodel; path = Extension2.xcdatamodel; sourceTree = "<group>"; };
		F3C62CD4207D239300F12FFB /* Assets.xcassets */ = {isa = PBXFileReference; lastKnownFileType = folder.assetcatalog; path = Assets.xcassets; sourceTree = "<group>"; };
		F3C62CD7207D239300F12FFB /* Base */ = {isa = PBXFileReference; lastKnownFileType = file.storyboard; name = Base; path = Base.lproj/LaunchScreen.storyboard; sourceTree = "<group>"; };
		F3C62CD9207D239300F12FFB /* Info.plist */ = {isa = PBXFileReference; lastKnownFileType = text.plist.xml; path = Info.plist; sourceTree = "<group>"; };
		F3C62CDF207D26E100F12FFB /* UIButtonExt.swift */ = {isa = PBXFileReference; lastKnownFileType = sourcecode.swift; path = UIButtonExt.swift; sourceTree = "<group>"; };
		F3C62CE1207D294C00F12FFB /* Helpers.swift */ = {isa = PBXFileReference; lastKnownFileType = sourcecode.swift; path = Helpers.swift; sourceTree = "<group>"; };
/* End PBXFileReference section */

/* Begin PBXFrameworksBuildPhase section */
		F3C62CC4207D239000F12FFB /* Frameworks */ = {
			isa = PBXFrameworksBuildPhase;
			buildActionMask = 2147483647;
			files = (
			);
			runOnlyForDeploymentPostprocessing = 0;
		};
/* End PBXFrameworksBuildPhase section */

/* Begin PBXGroup section */
		F3C62CBE207D239000F12FFB = {
			isa = PBXGroup;
			children = (
				F3C62CC9207D239000F12FFB /* Extension2 */,
				F3C62CC8207D239000F12FFB /* Products */,
			);
			sourceTree = "<group>";
		};
		F3C62CC8207D239000F12FFB /* Products */ = {
			isa = PBXGroup;
			children = (
				F3C62CC7207D239000F12FFB /* Extension2.app */,
			);
			name = Products;
			sourceTree = "<group>";
		};
		F3C62CC9207D239000F12FFB /* Extension2 */ = {
			isa = PBXGroup;
			children = (
				F3C62CCA207D239000F12FFB /* AppDelegate.swift */,
				F3C62CCC207D239000F12FFB /* ViewController.swift */,
				F3C62CCE207D239000F12FFB /* Main.storyboard */,
				F3C62CD4207D239300F12FFB /* Assets.xcassets */,
				F3C62CD6207D239300F12FFB /* LaunchScreen.storyboard */,
				F3C62CD9207D239300F12FFB /* Info.plist */,
				F3C62CD1207D239000F12FFB /* Extension2.xcdatamodeld */,
				F3C62CDF207D26E100F12FFB /* UIButtonExt.swift */,
				F3C62CE1207D294C00F12FFB /* Helpers.swift */,
			);
			path = Extension2;
			sourceTree = "<group>";
		};
/* End PBXGroup section */

/* Begin PBXNativeTarget section */
		F3C62CC6207D239000F12FFB /* Extension2 */ = {
			isa = PBXNativeTarget;
			buildConfigurationList = F3C62CDC207D239300F12FFB /* Build configuration list for PBXNativeTarget "Extension2" */;
			buildPhases = (
				F3C62CC3207D239000F12FFB /* Sources */,
				F3C62CC4207D239000F12FFB /* Frameworks */,
				F3C62CC5207D239000F12FFB /* Resources */,
			);
			buildRules = (
			);
			dependencies = (
			);
			name = Extension2;
			productName = Extension2;
			productReference = F3C62CC7207D239000F12FFB /* Extension2.app */;
			productType = "com.apple.product-type.application";
		};
/* End PBXNativeTarget section */

/* Begin PBXProject section */
		F3C62CBF207D239000F12FFB /* Project object */ = {
			isa = PBXProject;
			attributes = {
				LastSwiftUpdateCheck = 0930;
				LastUpgradeCheck = 0930;
				ORGANIZATIONNAME = "Abdulrohim 'Him' Sama";
				TargetAttributes = {
					F3C62CC6207D239000F12FFB = {
						CreatedOnToolsVersion = 9.3;
					};
				};
			};
			buildConfigurationList = F3C62CC2207D239000F12FFB /* Build configuration list for PBXProject "Extension2" */;
			compatibilityVersion = "Xcode 9.3";
			developmentRegion = en;
			hasScannedForEncodings = 0;
			knownRegions = (
				en,
				Base,
			);
			mainGroup = F3C62CBE207D239000F12FFB;
			productRefGroup = F3C62CC8207D239000F12FFB /* Products */;
			projectDirPath = "";
			projectRoot = "";
			targets = (
				F3C62CC6207D239000F12FFB /* Extension2 */,
			);
		};
/* End PBXProject section */

/* Begin PBXResourcesBuildPhase section */
		F3C62CC5207D239000F12FFB /* Resources */ = {
			isa = PBXResourcesBuildPhase;
			buildActionMask = 2147483647;
			files = (
				F3C62CD8207D239300F12FFB /* LaunchScreen.storyboard in Resources */,
				F3C62CD5207D239300F12FFB /* Assets.xcassets in Resources */,
				F3C62CD0207D239000F12FFB /* Main.storyboard in Resources */,
			);
			runOnlyForDeploymentPostprocessing = 0;
		};
/* End PBXResourcesBuildPhase section */

/* Begin PBXSourcesBuildPhase section */
		F3C62CC3207D239000F12FFB /* Sources */ = {
			isa = PBXSourcesBuildPhase;
			buildActionMask = 2147483647;
			files = (
				F3C62CCD207D239000F12FFB /* ViewController.swift in Sources */,
				F3C62CD3207D239000F12FFB /* Extension2.xcdatamodeld in Sources */,
				F3C62CCB207D239000F12FFB /* AppDelegate.swift in Sources */,
				F3C62CE2207D294C00F12FFB /* Helpers.swift in Sources */,
				F3C62CE0207D26E100F12FFB /* UIButtonExt.swift in Sources */,
			);
			runOnlyForDeploymentPostprocessing = 0;
		};
/* End PBXSourcesBuildPhase section */

/* Begin PBXVariantGroup section */
		F3C62CCE207D239000F12FFB /* Main.storyboard */ = {
			isa = PBXVariantGroup;
			children = (
				F3C62CCF207D239000F12FFB /* Base */,
			);
			name = Main.storyboard;
			sourceTree = "<group>";
		};
		F3C62CD6207D239300F12FFB /* LaunchScreen.storyboard */ = {
			isa = PBXVariantGroup;
			children = (
				F3C62CD7207D239300F12FFB /* Base */,
			);
			name = LaunchScreen.storyboard;
			sourceTree = "<group>";
		};
/* End PBXVariantGroup section */

/* Begin XCBuildConfiguration section */
		F3C62CDA207D239300F12FFB /* Debug */ = {
			isa = XCBuildConfiguration;
			buildSettings = {
				ALWAYS_SEARCH_USER_PATHS = NO;
				CLANG_ANALYZER_NONNULL = YES;
				CLANG_ANALYZER_NUMBER_OBJECT_CONVERSION = YES_AGGRESSIVE;
				CLANG_CXX_LANGUAGE_STANDARD = "gnu++14";
				CLANG_CXX_LIBRARY = "libc++";
				CLANG_ENABLE_MODULES = YES;
				CLANG_ENABLE_OBJC_ARC = YES;
				CLANG_ENABLE_OBJC_WEAK = YES;
				CLANG_WARN_BLOCK_CAPTURE_AUTORELEASING = YES;
				CLANG_WARN_BOOL_CONVERSION = YES;
				CLANG_WARN_COMMA = YES;
				CLANG_WARN_CONSTANT_CONVERSION = YES;
				CLANG_WARN_DEPRECATED_OBJC_IMPLEMENTATIONS = YES;
				CLANG_WARN_DIRECT_OBJC_ISA_USAGE = YES_ERROR;
				CLANG_WARN_DOCUMENTATION_COMMENTS = YES;
				CLANG_WARN_EMPTY_BODY = YES;
				CLANG_WARN_ENUM_CONVERSION = YES;
				CLANG_WARN_INFINITE_RECURSION = YES;
				CLANG_WARN_INT_CONVERSION = YES;
				CLANG_WARN_NON_LITERAL_NULL_CONVERSION = YES;
				CLANG_WARN_OBJC_IMPLICIT_RETAIN_SELF = YES;
				CLANG_WARN_OBJC_LITERAL_CONVERSION = YES;
				CLANG_WARN_OBJC_ROOT_CLASS = YES_ERROR;
				CLANG_WARN_RANGE_LOOP_ANALYSIS = YES;
				CLANG_WARN_STRICT_PROTOTYPES = YES;
				CLANG_WARN_SUSPICIOUS_MOVE = YES;
				CLANG_WARN_UNGUARDED_AVAILABILITY = YES_AGGRESSIVE;
				CLANG_WARN_UNREACHABLE_CODE = YES;
				CLANG_WARN__DUPLICATE_METHOD_MATCH = YES;
				CODE_SIGN_IDENTITY = "iPhone Developer";
				COPY_PHASE_STRIP = NO;
				DEBUG_INFORMATION_FORMAT = dwarf;
				ENABLE_STRICT_OBJC_MSGSEND = YES;
				ENABLE_TESTABILITY = YES;
				GCC_C_LANGUAGE_STANDARD = gnu11;
				GCC_DYNAMIC_NO_PIC = NO;
				GCC_NO_COMMON_BLOCKS = YES;
				GCC_OPTIMIZATION_LEVEL = 0;
				GCC_PREPROCESSOR_DEFINITIONS = (
					"DEBUG=1",
					"$(inherited)",
				);
				GCC_WARN_64_TO_32_BIT_CONVERSION = YES;
				GCC_WARN_ABOUT_RETURN_TYPE = YES_ERROR;
				GCC_WARN_UNDECLARED_SELECTOR = YES;
				GCC_WARN_UNINITIALIZED_AUTOS = YES_AGGRESSIVE;
				GCC_WARN_UNUSED_FUNCTION = YES;
				GCC_WARN_UNUSED_VARIABLE = YES;
				IPHONEOS_DEPLOYMENT_TARGET = 11.3;
				MTL_ENABLE_DEBUG_INFO = YES;
				ONLY_ACTIVE_ARCH = YES;
				SDKROOT = iphoneos;
				SWIFT_ACTIVE_COMPILATION_CONDITIONS = DEBUG;
				SWIFT_OPTIMIZATION_LEVEL = "-Onone";
			};
			name = Debug;
		};
		F3C62CDB207D239300F12FFB /* Release */ = {
			isa = XCBuildConfiguration;
			buildSettings = {
				ALWAYS_SEARCH_USER_PATHS = NO;
				CLANG_ANALYZER_NONNULL = YES;
				CLANG_ANALYZER_NUMBER_OBJECT_CONVERSION = YES_AGGRESSIVE;
				CLANG_CXX_LANGUAGE_STANDARD = "gnu++14";
				CLANG_CXX_LIBRARY = "libc++";
				CLANG_ENABLE_MODULES = YES;
				CLANG_ENABLE_OBJC_ARC = YES;
				CLANG_ENABLE_OBJC_WEAK = YES;
				CLANG_WARN_BLOCK_CAPTURE_AUTORELEASING = YES;
				CLANG_WARN_BOOL_CONVERSION = YES;
				CLANG_WARN_COMMA = YES;
				CLANG_WARN_CONSTANT_CONVERSION = YES;
				CLANG_WARN_DEPRECATED_OBJC_IMPLEMENTATIONS = YES;
				CLANG_WARN_DIRECT_OBJC_ISA_USAGE = YES_ERROR;
				CLANG_WARN_DOCUMENTATION_COMMENTS = YES;
				CLANG_WARN_EMPTY_BODY = YES;
				CLANG_WARN_ENUM_CONVERSION = YES;
				CLANG_WARN_INFINITE_RECURSION = YES;
				CLANG_WARN_INT_CONVERSION = YES;
				CLANG_WARN_NON_LITERAL_NULL_CONVERSION = YES;
				CLANG_WARN_OBJC_IMPLICIT_RETAIN_SELF = YES;
				CLANG_WARN_OBJC_LITERAL_CONVERSION = YES;
				CLANG_WARN_OBJC_ROOT_CLASS = YES_ERROR;
				CLANG_WARN_RANGE_LOOP_ANALYSIS = YES;
				CLANG_WARN_STRICT_PROTOTYPES = YES;
				CLANG_WARN_SUSPICIOUS_MOVE = YES;
				CLANG_WARN_UNGUARDED_AVAILABILITY = YES_AGGRESSIVE;
				CLANG_WARN_UNREACHABLE_CODE = YES;
				CLANG_WARN__DUPLICATE_METHOD_MATCH = YES;
				CODE_SIGN_IDENTITY = "iPhone Developer";
				COPY_PHASE_STRIP = NO;
				DEBUG_INFORMATION_FORMAT = "dwarf-with-dsym";
				ENABLE_NS_ASSERTIONS = NO;
				ENABLE_STRICT_OBJC_MSGSEND = YES;
				GCC_C_LANGUAGE_STANDARD = gnu11;
				GCC_NO_COMMON_BLOCKS = YES;
				GCC_WARN_64_TO_32_BIT_CONVERSION = YES;
				GCC_WARN_ABOUT_RETURN_TYPE = YES_ERROR;
				GCC_WARN_UNDECLARED_SELECTOR = YES;
				GCC_WARN_UNINITIALIZED_AUTOS = YES_AGGRESSIVE;
				GCC_WARN_UNUSED_FUNCTION = YES;
				GCC_WARN_UNUSED_VARIABLE = YES;
				IPHONEOS_DEPLOYMENT_TARGET = 11.3;
				MTL_ENABLE_DEBUG_INFO = NO;
				SDKROOT = iphoneos;
				SWIFT_COMPILATION_MODE = wholemodule;
				SWIFT_OPTIMIZATION_LEVEL = "-O";
				VALIDATE_PRODUCT = YES;
			};
			name = Release;
		};
		F3C62CDD207D239300F12FFB /* Debug */ = {
			isa = XCBuildConfiguration;
			buildSettings = {
				ASSETCATALOG_COMPILER_APPICON_NAME = AppIcon;
				CODE_SIGN_STYLE = Automatic;
				INFOPLIST_FILE = Extension2/Info.plist;
				LD_RUNPATH_SEARCH_PATHS = (
					"$(inherited)",
					"@executable_path/Frameworks",
				);
				PRODUCT_BUNDLE_IDENTIFIER = beginner.Extension2;
				PRODUCT_NAME = "$(TARGET_NAME)";
				SWIFT_VERSION = 4.0;
				TARGETED_DEVICE_FAMILY = "1,2";
			};
			name = Debug;
		};
		F3C62CDE207D239300F12FFB /* Release */ = {
			isa = XCBuildConfiguration;
			buildSettings = {
				ASSETCATALOG_COMPILER_APPICON_NAME = AppIcon;
				CODE_SIGN_STYLE = Automatic;
				INFOPLIST_FILE = Extension2/Info.plist;
				LD_RUNPATH_SEARCH_PATHS = (
					"$(inherited)",
					"@executable_path/Frameworks",
				);
				PRODUCT_BUNDLE_IDENTIFIER = beginner.Extension2;
				PRODUCT_NAME = "$(TARGET_NAME)";
				SWIFT_VERSION = 4.0;
				TARGETED_DEVICE_FAMILY = "1,2";
			};
			name = Release;
		};
/* End XCBuildConfiguration section */

/* Begin XCConfigurationList section */
		F3C62CC2207D239000F12FFB /* Build configuration list for PBXProject "Extension2" */ = {
			isa = XCConfigurationList;
			buildConfigurations = (
				F3C62CDA207D239300F12FFB /* Debug */,
				F3C62CDB207D239300F12FFB /* Release */,
			);
			defaultConfigurationIsVisible = 0;
			defaultConfigurationName = Release;
		};
		F3C62CDC207D239300F12FFB /* Build configuration list for PBXNativeTarget "Extension2" */ = {
			isa = XCConfigurationList;
			buildConfigurations = (
				F3C62CDD207D239300F12FFB /* Debug */,
				F3C62CDE207D239300F12FFB /* Release */,
			);
			defaultConfigurationIsVisible = 0;
			defaultConfigurationName = Release;
		};
/* End XCConfigurationList section */

/* Begin XCVersionGroup section */
		F3C62CD1207D239000F12FFB /* Extension2.xcdatamodeld */ = {
			isa = XCVersionGroup;
			children = (
				F3C62CD2207D239000F12FFB /* Extension2.xcdatamodel */,
			);
			currentVersion = F3C62CD2207D239000F12FFB /* Extension2.xcdatamodel */;
			path = Extension2.xcdatamodeld;
			sourceTree = "<group>";
			versionGroupType = wrapper.xcdatamodel;
		};
/* End XCVersionGroup section */
	};
	rootObject = F3C62CBF207D239000F12FFB /* Project object */;
}
